
Microsoft Visual Studio Solution File, Format Version 12.00
# Visual Studio 14
VisualStudioVersion = 14.0.25420.1
MinimumVisualStudioVersion = 10.0.40219.1
Project("{159641D6-6404-4A2A-AE62-294DE0FE8301}") = "FinDW_ETL", "FinDW_ETL\FinDW_ETL.dtproj", "{657807F2-6BC4-4F50-8BE8-12EB451F4516}"
EndProject
Project("{00D1A9C2-B5F0-4AF3-8072-F6C62B433612}") = "FinDW", "..\FinDW_SQL\FinDW\FinDW.sqlproj", "{CEFA2258-E461-4796-AD37-7E9FBD616A90}"
EndProject
Project("{FAE04EC0-301F-11D3-BF4B-00C04F79EFBC}") = "BimlCsGenerator", "BimlCsGenerator\BimlCsGenerator.csproj", "{51704B5A-9FE7-4885-B812-3E3921A43FB0}"
EndProject
Project("{159641D6-6404-4A2A-AE62-294DE0FE8301}") = "FinDW_Biml", "FinDW_Biml\FinDW_Biml.dtproj", "{281E1346-C130-48F1-9666-BE6BBFEFF980}"
EndProject
Global
	GlobalSection(SolutionConfigurationPlatforms) = preSolution
		Debug|Any CPU = Debug|Any CPU
		Development|Any CPU = Development|Any CPU
		Release|Any CPU = Release|Any CPU
	EndGlobalSection
	GlobalSection(ProjectConfigurationPlatforms) = postSolution
		{657807F2-6BC4-4F50-8BE8-12EB451F4516}.Debug|Any CPU.ActiveCfg = Development
		{657807F2-6BC4-4F50-8BE8-12EB451F4516}.Debug|Any CPU.Build.0 = Development
		{657807F2-6BC4-4F50-8BE8-12EB451F4516}.Development|Any CPU.ActiveCfg = Development
		{657807F2-6BC4-4F50-8BE8-12EB451F4516}.Development|Any CPU.Build.0 = Development
		{657807F2-6BC4-4F50-8BE8-12EB451F4516}.Release|Any CPU.ActiveCfg = Development
		{657807F2-6BC4-4F50-8BE8-12EB451F4516}.Release|Any CPU.Build.0 = Development
		{CEFA2258-E461-4796-AD37-7E9FBD616A90}.Debug|Any CPU.ActiveCfg = Debug|Any CPU
		{CEFA2258-E461-4796-AD37-7E9FBD616A90}.Debug|Any CPU.Build.0 = Debug|Any CPU
		{CEFA2258-E461-4796-AD37-7E9FBD616A90}.Debug|Any CPU.Deploy.0 = Debug|Any CPU
		{CEFA2258-E461-4796-AD37-7E9FBD616A90}.Development|Any CPU.ActiveCfg = Debug|Any CPU
		{CEFA2258-E461-4796-AD37-7E9FBD616A90}.Development|Any CPU.Build.0 = Debug|Any CPU
		{CEFA2258-E461-4796-AD37-7E9FBD616A90}.Development|Any CPU.Deploy.0 = Debug|Any CPU
		{CEFA2258-E461-4796-AD37-7E9FBD616A90}.Release|Any CPU.ActiveCfg = Release|Any CPU
		{CEFA2258-E461-4796-AD37-7E9FBD616A90}.Release|Any CPU.Build.0 = Release|Any CPU
		{CEFA2258-E461-4796-AD37-7E9FBD616A90}.Release|Any CPU.Deploy.0 = Release|Any CPU
		{51704B5A-9FE7-4885-B812-3E3921A43FB0}.Debug|Any CPU.ActiveCfg = Debug|Any CPU
		{51704B5A-9FE7-4885-B812-3E3921A43FB0}.Debug|Any CPU.Build.0 = Debug|Any CPU
		{51704B5A-9FE7-4885-B812-3E3921A43FB0}.Development|Any CPU.ActiveCfg = Debug|Any CPU
		{51704B5A-9FE7-4885-B812-3E3921A43FB0}.Development|Any CPU.Build.0 = Debug|Any CPU
		{51704B5A-9FE7-4885-B812-3E3921A43FB0}.Release|Any CPU.ActiveCfg = Release|Any CPU
		{51704B5A-9FE7-4885-B812-3E3921A43FB0}.Release|Any CPU.Build.0 = Release|Any CPU
		{281E1346-C130-48F1-9666-BE6BBFEFF980}.Debug|Any CPU.ActiveCfg = Development
		{281E1346-C130-48F1-9666-BE6BBFEFF980}.Debug|Any CPU.Build.0 = Development
		{281E1346-C130-48F1-9666-BE6BBFEFF980}.Development|Any CPU.ActiveCfg = Development
		{281E1346-C130-48F1-9666-BE6BBFEFF980}.Development|Any CPU.Build.0 = Development
		{281E1346-C130-48F1-9666-BE6BBFEFF980}.Release|Any CPU.ActiveCfg = Development
		{281E1346-C130-48F1-9666-BE6BBFEFF980}.Release|Any CPU.Build.0 = Development
	EndGlobalSection
	GlobalSection(SolutionProperties) = preSolution
		HideSolutionNode = FALSE
	EndGlobalSection
EndGlobal
